
Microsoft Visual Studio Solution File, Format Version 12.00
# Visual Studio Version 17
VisualStudioVersion = 17.6.33815.320
MinimumVisualStudioVersion = 10.0.40219.1
Project("{FAE04EC0-301F-11D3-BF4B-00C04F79EFBC}") = "FirmaDigitalSqLite.Android", "FirmaDigitalSqLite\FirmaDigitalSqLite.Android\FirmaDigitalSqLite.Android.csproj", "{9B38E7D4-2CD4-4451-8600-5CDD9C26751F}"
EndProject
Project("{FAE04EC0-301F-11D3-BF4B-00C04F79EFBC}") = "FirmaDigitalSqLite.iOS", "FirmaDigitalSqLite\FirmaDigitalSqLite.iOS\FirmaDigitalSqLite.iOS.csproj", "{1EE38667-E860-48F2-9234-A42A8DED336D}"
EndProject
Project("{FAE04EC0-301F-11D3-BF4B-00C04F79EFBC}") = "FirmaDigitalSqLite", "FirmaDigitalSqLite\FirmaDigitalSqLite\FirmaDigitalSqLite.csproj", "{37EE71B1-FE29-4AA1-8A7E-AC48F0777AC7}"
EndProject
Global
	GlobalSection(SolutionConfigurationPlatforms) = preSolution
		Debug|Any CPU = Debug|Any CPU
		Debug|iPhone = Debug|iPhone
		Debug|iPhoneSimulator = Debug|iPhoneSimulator
		Release|Any CPU = Release|Any CPU
		Release|iPhone = Release|iPhone
		Release|iPhoneSimulator = Release|iPhoneSimulator
	EndGlobalSection
	GlobalSection(ProjectConfigurationPlatforms) = postSolution
		{9B38E7D4-2CD4-4451-8600-5CDD9C26751F}.Debug|Any CPU.ActiveCfg = Debug|Any CPU
		{9B38E7D4-2CD4-4451-8600-5CDD9C26751F}.Debug|Any CPU.Build.0 = Debug|Any CPU
		{9B38E7D4-2CD4-4451-8600-5CDD9C26751F}.Debug|Any CPU.Deploy.0 = Debug|Any CPU
		{9B38E7D4-2CD4-4451-8600-5CDD9C26751F}.Debug|iPhone.ActiveCfg = Debug|Any CPU
		{9B38E7D4-2CD4-4451-8600-5CDD9C26751F}.Debug|iPhone.Build.0 = Debug|Any CPU
		{9B38E7D4-2CD4-4451-8600-5CDD9C26751F}.Debug|iPhone.Deploy.0 = Debug|Any CPU
		{9B38E7D4-2CD4-4451-8600-5CDD9C26751F}.Debug|iPhoneSimulator.ActiveCfg = Debug|Any CPU
		{9B38E7D4-2CD4-4451-8600-5CDD9C26751F}.Debug|iPhoneSimulator.Build.0 = Debug|Any CPU
		{9B38E7D4-2CD4-4451-8600-5CDD9C26751F}.Debug|iPhoneSimulator.Deploy.0 = Debug|Any CPU
		{9B38E7D4-2CD4-4451-8600-5CDD9C26751F}.Release|Any CPU.ActiveCfg = Release|Any CPU
		{9B38E7D4-2CD4-4451-8600-5CDD9C26751F}.Release|Any CPU.Build.0 = Release|Any CPU
		{9B38E7D4-2CD4-4451-8600-5CDD9C26751F}.Release|Any CPU.Deploy.0 = Release|Any CPU
		{9B38E7D4-2CD4-4451-8600-5CDD9C26751F}.Release|iPhone.ActiveCfg = Release|Any CPU
		{9B38E7D4-2CD4-4451-8600-5CDD9C26751F}.Release|iPhone.Build.0 = Release|Any CPU
		{9B38E7D4-2CD4-4451-8600-5CDD9C26751F}.Release|iPhone.Deploy.0 = Release|Any CPU
		{9B38E7D4-2CD4-4451-8600-5CDD9C26751F}.Release|iPhoneSimulator.ActiveCfg = Release|Any CPU
		{9B38E7D4-2CD4-4451-8600-5CDD9C26751F}.Release|iPhoneSimulator.Build.0 = Release|Any CPU
		{9B38E7D4-2CD4-4451-8600-5CDD9C26751F}.Release|iPhoneSimulator.Deploy.0 = Release|Any CPU
		{1EE38667-E860-48F2-9234-A42A8DED336D}.Debug|Any CPU.ActiveCfg = Debug|iPhone
		{1EE38667-E860-48F2-9234-A42A8DED336D}.Debug|Any CPU.Build.0 = Debug|iPhone
		{1EE38667-E860-48F2-9234-A42A8DED336D}.Debug|Any CPU.Deploy.0 = Debug|iPhone
		{1EE38667-E860-48F2-9234-A42A8DED336D}.Debug|iPhone.ActiveCfg = Debug|iPhone
		{1EE38667-E860-48F2-9234-A42A8DED336D}.Debug|iPhone.Build.0 = Debug|iPhone
		{1EE38667-E860-48F2-9234-A42A8DED336D}.Debug|iPhone.Deploy.0 = Debug|iPhone
		{1EE38667-E860-48F2-9234-A42A8DED336D}.Debug|iPhoneSimulator.ActiveCfg = Debug|iPhoneSimulator
		{1EE38667-E860-48F2-9234-A42A8DED336D}.Debug|iPhoneSimulator.Build.0 = Debug|iPhoneSimulator
		{1EE38667-E860-48F2-9234-A42A8DED336D}.Debug|iPhoneSimulator.Deploy.0 = Debug|iPhoneSimulator
		{1EE38667-E860-48F2-9234-A42A8DED336D}.Release|Any CPU.ActiveCfg = Release|iPhoneSimulator
		{1EE38667-E860-48F2-9234-A42A8DED336D}.Release|Any CPU.Build.0 = Release|iPhoneSimulator
		{1EE38667-E860-48F2-9234-A42A8DED336D}.Release|Any CPU.Deploy.0 = Release|iPhoneSimulator
		{1EE38667-E860-48F2-9234-A42A8DED336D}.Release|iPhone.ActiveCfg = Release|iPhone
		{1EE38667-E860-48F2-9234-A42A8DED336D}.Release|iPhone.Build.0 = Release|iPhone
		{1EE38667-E860-48F2-9234-A42A8DED336D}.Release|iPhone.Deploy.0 = Release|iPhone
		{1EE38667-E860-48F2-9234-A42A8DED336D}.Release|iPhoneSimulator.ActiveCfg = Release|iPhoneSimulator
		{1EE38667-E860-48F2-9234-A42A8DED336D}.Release|iPhoneSimulator.Build.0 = Release|iPhoneSimulator
		{1EE38667-E860-48F2-9234-A42A8DED336D}.Release|iPhoneSimulator.Deploy.0 = Release|iPhoneSimulator
		{37EE71B1-FE29-4AA1-8A7E-AC48F0777AC7}.Debug|Any CPU.ActiveCfg = Debug|Any CPU
		{37EE71B1-FE29-4AA1-8A7E-AC48F0777AC7}.Debug|Any CPU.Build.0 = Debug|Any CPU
		{37EE71B1-FE29-4AA1-8A7E-AC48F0777AC7}.Debug|Any CPU.Deploy.0 = Debug|Any CPU
		{37EE71B1-FE29-4AA1-8A7E-AC48F0777AC7}.Debug|iPhone.ActiveCfg = Debug|Any CPU
		{37EE71B1-FE29-4AA1-8A7E-AC48F0777AC7}.Debug|iPhone.Build.0 = Debug|Any CPU
		{37EE71B1-FE29-4AA1-8A7E-AC48F0777AC7}.Debug|iPhone.Deploy.0 = Debug|Any CPU
		{37EE71B1-FE29-4AA1-8A7E-AC48F0777AC7}.Debug|iPhoneSimulator.ActiveCfg = Debug|Any CPU
		{37EE71B1-FE29-4AA1-8A7E-AC48F0777AC7}.Debug|iPhoneSimulator.Build.0 = Debug|Any CPU
		{37EE71B1-FE29-4AA1-8A7E-AC48F0777AC7}.Debug|iPhoneSimulator.Deploy.0 = Debug|Any CPU
		{37EE71B1-FE29-4AA1-8A7E-AC48F0777AC7}.Release|Any CPU.ActiveCfg = Release|Any CPU
		{37EE71B1-FE29-4AA1-8A7E-AC48F0777AC7}.Release|Any CPU.Build.0 = Release|Any CPU
		{37EE71B1-FE29-4AA1-8A7E-AC48F0777AC7}.Release|Any CPU.Deploy.0 = Release|Any CPU
		{37EE71B1-FE29-4AA1-8A7E-AC48F0777AC7}.Release|iPhone.ActiveCfg = Release|Any CPU
		{37EE71B1-FE29-4AA1-8A7E-AC48F0777AC7}.Release|iPhone.Build.0 = Release|Any CPU
		{37EE71B1-FE29-4AA1-8A7E-AC48F0777AC7}.Release|iPhone.Deploy.0 = Release|Any CPU
		{37EE71B1-FE29-4AA1-8A7E-AC48F0777AC7}.Release|iPhoneSimulator.ActiveCfg = Release|Any CPU
		{37EE71B1-FE29-4AA1-8A7E-AC48F0777AC7}.Release|iPhoneSimulator.Build.0 = Release|Any CPU
		{37EE71B1-FE29-4AA1-8A7E-AC48F0777AC7}.Release|iPhoneSimulator.Deploy.0 = Release|Any CPU
	EndGlobalSection
	GlobalSection(SolutionProperties) = preSolution
		HideSolutionNode = FALSE
	EndGlobalSection
	GlobalSection(ExtensibilityGlobals) = postSolution
		SolutionGuid = {E6197886-590A-47D8-B9AA-BFFB19A3CA49}
	EndGlobalSection
EndGlobal
